
Microsoft Visual Studio Solution File, Format Version 12.00
# Visual Studio 15
VisualStudioVersion = 15.0.28307.1585
MinimumVisualStudioVersion = 10.0.40219.1
Project("{FAE04EC0-301F-11D3-BF4B-00C04F79EFBC}") = "Tutorial6", "Tutorial6\Tutorial6.csproj", "{AD518EE3-3171-4623-9BC6-D70E68F9B10A}"
EndProject
Global
	GlobalSection(SolutionConfigurationPlatforms) = preSolution
		Debug|Any CPU = Debug|Any CPU
		Release|Any CPU = Release|Any CPU
	EndGlobalSection
	GlobalSection(ProjectConfigurationPlatforms) = postSolution
		{AD518EE3-3171-4623-9BC6-D70E68F9B10A}.Debug|Any CPU.ActiveCfg = Debug|Any CPU
		{AD518EE3-3171-4623-9BC6-D70E68F9B10A}.Debug|Any CPU.Build.0 = Debug|Any CPU
		{AD518EE3-3171-4623-9BC6-D70E68F9B10A}.Release|Any CPU.ActiveCfg = Release|Any CPU
		{AD518EE3-3171-4623-9BC6-D70E68F9B10A}.Release|Any CPU.Build.0 = Release|Any CPU
	EndGlobalSection
	GlobalSection(SolutionProperties) = preSolution
		HideSolutionNode = FALSE
	EndGlobalSection
	GlobalSection(ExtensibilityGlobals) = postSolution
		SolutionGuid = {D986E0AB-468B-4831-B511-D1776686E90F}
	EndGlobalSection
EndGlobal
