
Microsoft Visual Studio Solution File, Format Version 12.00
# Visual Studio 15
VisualStudioVersion = 15.0.28307.1585
MinimumVisualStudioVersion = 10.0.40219.1
Project("{FAE04EC0-301F-11D3-BF4B-00C04F79EFBC}") = "Tutorial", "Tutorial\Tutorial.csproj", "{430D676E-3768-4E83-B454-50C84C189D4E}"
EndProject
Project("{FAE04EC0-301F-11D3-BF4B-00C04F79EFBC}") = "week9-10", "week9-10\week9-10.csproj", "{2C517D1D-B28B-4B86-A377-9FC6BFF59278}"
EndProject
Global
	GlobalSection(SolutionConfigurationPlatforms) = preSolution
		Debug|Any CPU = Debug|Any CPU
		Release|Any CPU = Release|Any CPU
	EndGlobalSection
	GlobalSection(ProjectConfigurationPlatforms) = postSolution
		{430D676E-3768-4E83-B454-50C84C189D4E}.Debug|Any CPU.ActiveCfg = Debug|Any CPU
		{430D676E-3768-4E83-B454-50C84C189D4E}.Debug|Any CPU.Build.0 = Debug|Any CPU
		{430D676E-3768-4E83-B454-50C84C189D4E}.Release|Any CPU.ActiveCfg = Release|Any CPU
		{430D676E-3768-4E83-B454-50C84C189D4E}.Release|Any CPU.Build.0 = Release|Any CPU
		{2C517D1D-B28B-4B86-A377-9FC6BFF59278}.Debug|Any CPU.ActiveCfg = Debug|Any CPU
		{2C517D1D-B28B-4B86-A377-9FC6BFF59278}.Debug|Any CPU.Build.0 = Debug|Any CPU
		{2C517D1D-B28B-4B86-A377-9FC6BFF59278}.Release|Any CPU.ActiveCfg = Release|Any CPU
		{2C517D1D-B28B-4B86-A377-9FC6BFF59278}.Release|Any CPU.Build.0 = Release|Any CPU
	EndGlobalSection
	GlobalSection(SolutionProperties) = preSolution
		HideSolutionNode = FALSE
	EndGlobalSection
	GlobalSection(ExtensibilityGlobals) = postSolution
		SolutionGuid = {2970DB05-A7F9-4A0C-BA69-FB7AEF9BF7F7}
	EndGlobalSection
EndGlobal
